{
  "requires": true,
  "lockfileVersion": 1,
  "dependencies": {
    "react-firebase-hooks": {
      "version": "5.1.1",
      "resolved": "https://registry.npmjs.org/react-firebase-hooks/-/react-firebase-hooks-5.1.1.tgz",
      "integrity": "sha512-y2UpWs82xs+39q5Rc/wq316ca52QsC0n8m801V+yM4IC4hbfOL4yQPVSh7w+ydstdvjN9F+lvs1WrO2VYxpmdA=="
    }
  }
}
